
Microsoft Visual Studio Solution File, Format Version 12.00
# Visual Studio 14
VisualStudioVersion = 14.0.25123.0
MinimumVisualStudioVersion = 10.0.40219.1
Project("{FAE04EC0-301F-11D3-BF4B-00C04F79EFBC}") = "Domain", "Domain\Domain.csproj", "{EB111536-4153-49E9-A394-4685D5B709D8}"
EndProject
Project("{FAE04EC0-301F-11D3-BF4B-00C04F79EFBC}") = "WebUI", "WebUI\WebUI.csproj", "{02A13B81-AD06-438B-BA36-25F8242F21EB}"
EndProject
Project("{FAE04EC0-301F-11D3-BF4B-00C04F79EFBC}") = "UnitTests", "UnitTests\UnitTests.csproj", "{13BE73F4-C298-49DD-8418-3261E56504A9}"
EndProject
Global
	GlobalSection(SolutionConfigurationPlatforms) = preSolution
		Debug|Any CPU = Debug|Any CPU
		Release|Any CPU = Release|Any CPU
	EndGlobalSection
	GlobalSection(ProjectConfigurationPlatforms) = postSolution
		{EB111536-4153-49E9-A394-4685D5B709D8}.Debug|Any CPU.ActiveCfg = Debug|Any CPU
		{EB111536-4153-49E9-A394-4685D5B709D8}.Debug|Any CPU.Build.0 = Debug|Any CPU
		{EB111536-4153-49E9-A394-4685D5B709D8}.Release|Any CPU.ActiveCfg = Release|Any CPU
		{EB111536-4153-49E9-A394-4685D5B709D8}.Release|Any CPU.Build.0 = Release|Any CPU
		{02A13B81-AD06-438B-BA36-25F8242F21EB}.Debug|Any CPU.ActiveCfg = Debug|Any CPU
		{02A13B81-AD06-438B-BA36-25F8242F21EB}.Debug|Any CPU.Build.0 = Debug|Any CPU
		{02A13B81-AD06-438B-BA36-25F8242F21EB}.Release|Any CPU.ActiveCfg = Release|Any CPU
		{02A13B81-AD06-438B-BA36-25F8242F21EB}.Release|Any CPU.Build.0 = Release|Any CPU
		{13BE73F4-C298-49DD-8418-3261E56504A9}.Debug|Any CPU.ActiveCfg = Debug|Any CPU
		{13BE73F4-C298-49DD-8418-3261E56504A9}.Debug|Any CPU.Build.0 = Debug|Any CPU
		{13BE73F4-C298-49DD-8418-3261E56504A9}.Release|Any CPU.ActiveCfg = Release|Any CPU
		{13BE73F4-C298-49DD-8418-3261E56504A9}.Release|Any CPU.Build.0 = Release|Any CPU
	EndGlobalSection
	GlobalSection(SolutionProperties) = preSolution
		HideSolutionNode = FALSE
	EndGlobalSection
EndGlobal
